{
    "_meta": {
        "hash": {
            "sha256": "6a275d727276a704aefa77611c2b0fcb381ef7eb7f5d0fc958b956100abad505"
        },
        "pipfile-spec": 6,
        "requires": {
            "python_version": "3.9"
        },
        "sources": [
            {
                "name": "pypi",
                "url": "https://pypi.org/simple",
                "verify_ssl": true
            }
        ]
    },
    "default": {
        "asgiref": {
            "hashes": [
                "sha256:71e68008da809b957b7ee4b43dbccff33d1b23519fb8344e33f049897077afac",
                "sha256:9567dfe7bd8d3c8c892227827c41cce860b368104c3431da67a0c5a65a949506"
            ],
            "markers": "python_version >= '3.7'",
            "version": "==3.6.0"
        },
        "crispy-bootstrap5": {
            "hashes": [
                "sha256:0745a67199619149b7feca87dab7a45664876ed50fb582b38fd2aeb3f8a8d869",
                "sha256:f3ff1ef5cb379fe80b1b02e245008f276444098a4bdb8d855bed84c623798a85"
            ],
            "index": "pypi",
            "version": "==0.7"
        },
        "dj-database-url": {
            "hashes": [
                "sha256:5c2993b91801c0f78a8b19e642b497b90831124cbade0c265900d4c1037b4730",
                "sha256:b23b15046cb38180e0c95207bcc90fe5e9dbde8eef16065907dd85cf4ca7036c"
            ],
            "index": "pypi",
            "version": "==1.2.0"
        },
        "django": {
            "hashes": [
                "sha256:bceb0fe1a386781af0788cae4108622756cd05e7775448deec04a71ddf87685d",
                "sha256:c6fe7ebe7c017fe59f1029821dae0acb5a2ddcd6c9a0138fd20a8bfefac914bc"
            ],
            "index": "pypi",
            "version": "==4.1.6"
        },
        "django-configurations": {
            "hashes": [
                "sha256:22b9964e6b657dafc7a35410a115d20f1451149a82737adc6c331ec365888196",
                "sha256:d10bac11d71e29e8ea89548e2d5d2e91e1595667b3859989f50727dcbe7a8c80"
            ],
            "index": "pypi",
            "version": "==2.4"
        },
        "django-crispy-forms": {
            "hashes": [
                "sha256:35887b8851a931374dd697207a8f56c57a9c5cb9dbf0b9fa54314da5666cea5b",
                "sha256:bc4d2037f6de602d39c0bc452ac3029d1f5d65e88458872cc4dbc01c3a400604"
            ],
            "markers": "python_version >= '3.7'",
            "version": "==1.14.0"
        },
        "sqlparse": {
            "hashes": [
                "sha256:0323c0ec29cd52bceabc1b4d9d579e311f3e4961b98d174201d5622a23b85e34",
                "sha256:69ca804846bb114d2ec380e4360a8a340db83f0ccf3afceeb1404df028f57268"
            ],
            "markers": "python_version >= '3.5'",
            "version": "==0.4.3"
        }
    },
    "develop": {}
}
